
Microsoft Visual Studio Solution File, Format Version 12.00
# Visual Studio Version 16
VisualStudioVersion = 16.0.30907.101
MinimumVisualStudioVersion = 10.0.40219.1
Project("{9A19103F-16F7-4668-BE54-9A1E7A4F7556}") = "Tappu", "Tappu.csproj", "{2F5BC60F-8A36-4285-8322-DB9A25446FF8}"
EndProject
Global
	GlobalSection(SolutionConfigurationPlatforms) = preSolution
		Debug|Any CPU = Debug|Any CPU
		Release|Any CPU = Release|Any CPU
	EndGlobalSection
	GlobalSection(ProjectConfigurationPlatforms) = postSolution
		{2F5BC60F-8A36-4285-8322-DB9A25446FF8}.Debug|Any CPU.ActiveCfg = Debug|Any CPU
		{2F5BC60F-8A36-4285-8322-DB9A25446FF8}.Debug|Any CPU.Build.0 = Debug|Any CPU
		{2F5BC60F-8A36-4285-8322-DB9A25446FF8}.Release|Any CPU.ActiveCfg = Release|Any CPU
		{2F5BC60F-8A36-4285-8322-DB9A25446FF8}.Release|Any CPU.Build.0 = Release|Any CPU
	EndGlobalSection
	GlobalSection(SolutionProperties) = preSolution
		HideSolutionNode = FALSE
	EndGlobalSection
	GlobalSection(ExtensibilityGlobals) = postSolution
		SolutionGuid = {D6B4C666-B7A2-4197-ADF2-503A0206059E}
	EndGlobalSection
EndGlobal
